
Microsoft Visual Studio Solution File, Format Version 12.00
Project("{FAE04EC0-301F-11D3-BF4B-00C04F79EFBC}") = "XChaCha20HmacSha256SivDotNet", "XChaCha20HmacSha256SivDotNet\XChaCha20HmacSha256SivDotNet.csproj", "{4A0B73C6-65A5-47DA-9F6F-FB6BDEF61078}"
EndProject
Project("{FAE04EC0-301F-11D3-BF4B-00C04F79EFBC}") = "XChaCha20HmacSha256SivDotNet.Tests", "XChaCha20HmacSha256SivDotNet.Tests\XChaCha20HmacSha256SivDotNet.Tests.csproj", "{1FDB78EF-ADD6-42A9-AD08-747E0FEBBD86}"
EndProject
Project("{FAE04EC0-301F-11D3-BF4B-00C04F79EFBC}") = "XChaCha20HmacSha256SivDotNet.Benchmarks", "XChaCha20HmacSha256SivDotNet.Benchmarks\XChaCha20HmacSha256SivDotNet.Benchmarks.csproj", "{8E40ECF1-4FC1-4360-AD83-AE62821FE36F}"
EndProject
Global
	GlobalSection(SolutionConfigurationPlatforms) = preSolution
		Debug|Any CPU = Debug|Any CPU
		Release|Any CPU = Release|Any CPU
	EndGlobalSection
	GlobalSection(ProjectConfigurationPlatforms) = postSolution
		{4A0B73C6-65A5-47DA-9F6F-FB6BDEF61078}.Debug|Any CPU.ActiveCfg = Debug|Any CPU
		{4A0B73C6-65A5-47DA-9F6F-FB6BDEF61078}.Debug|Any CPU.Build.0 = Debug|Any CPU
		{4A0B73C6-65A5-47DA-9F6F-FB6BDEF61078}.Release|Any CPU.ActiveCfg = Release|Any CPU
		{4A0B73C6-65A5-47DA-9F6F-FB6BDEF61078}.Release|Any CPU.Build.0 = Release|Any CPU
		{1FDB78EF-ADD6-42A9-AD08-747E0FEBBD86}.Debug|Any CPU.ActiveCfg = Debug|Any CPU
		{1FDB78EF-ADD6-42A9-AD08-747E0FEBBD86}.Debug|Any CPU.Build.0 = Debug|Any CPU
		{1FDB78EF-ADD6-42A9-AD08-747E0FEBBD86}.Release|Any CPU.ActiveCfg = Release|Any CPU
		{1FDB78EF-ADD6-42A9-AD08-747E0FEBBD86}.Release|Any CPU.Build.0 = Release|Any CPU
		{8E40ECF1-4FC1-4360-AD83-AE62821FE36F}.Debug|Any CPU.ActiveCfg = Debug|Any CPU
		{8E40ECF1-4FC1-4360-AD83-AE62821FE36F}.Debug|Any CPU.Build.0 = Debug|Any CPU
		{8E40ECF1-4FC1-4360-AD83-AE62821FE36F}.Release|Any CPU.ActiveCfg = Release|Any CPU
		{8E40ECF1-4FC1-4360-AD83-AE62821FE36F}.Release|Any CPU.Build.0 = Release|Any CPU
	EndGlobalSection
EndGlobal
